
Microsoft Visual Studio Solution File, Format Version 12.00
# Visual Studio Version 16
VisualStudioVersion = 16.0.31005.135
MinimumVisualStudioVersion = 10.0.40219.1
Project("{E24C65DC-7377-472B-9ABA-BC803B73C61A}") = "BlogAsp", "BlogAsp\", "{412E6CAB-43C6-48B2-8DD0-74400B1A9755}"
	ProjectSection(WebsiteProperties) = preProject
		TargetFrameworkMoniker = ".NETFramework,Version%3Dv4.7.2"
		Debug.AspNetCompiler.VirtualPath = "/localhost_55477"
		Debug.AspNetCompiler.PhysicalPath = "BlogAsp\"
		Debug.AspNetCompiler.TargetPath = "PrecompiledWeb\localhost_55477\"
		Debug.AspNetCompiler.Updateable = "true"
		Debug.AspNetCompiler.ForceOverwrite = "true"
		Debug.AspNetCompiler.FixedNames = "false"
		Debug.AspNetCompiler.Debug = "True"
		Release.AspNetCompiler.VirtualPath = "/localhost_55477"
		Release.AspNetCompiler.PhysicalPath = "BlogAsp\"
		Release.AspNetCompiler.TargetPath = "PrecompiledWeb\localhost_55477\"
		Release.AspNetCompiler.Updateable = "true"
		Release.AspNetCompiler.ForceOverwrite = "true"
		Release.AspNetCompiler.FixedNames = "false"
		Release.AspNetCompiler.Debug = "False"
		VWDPort = "55477"
		SlnRelativePath = "BlogAsp\"
		DefaultWebSiteLanguage = "Visual C#"
	EndProjectSection
EndProject
Global
	GlobalSection(SolutionConfigurationPlatforms) = preSolution
		Debug|Any CPU = Debug|Any CPU
	EndGlobalSection
	GlobalSection(ProjectConfigurationPlatforms) = postSolution
		{412E6CAB-43C6-48B2-8DD0-74400B1A9755}.Debug|Any CPU.ActiveCfg = Debug|Any CPU
		{412E6CAB-43C6-48B2-8DD0-74400B1A9755}.Debug|Any CPU.Build.0 = Debug|Any CPU
	EndGlobalSection
	GlobalSection(SolutionProperties) = preSolution
		HideSolutionNode = FALSE
	EndGlobalSection
	GlobalSection(ExtensibilityGlobals) = postSolution
		SolutionGuid = {AAA75CDC-3EC7-4376-8E79-E01321A1B8FA}
	EndGlobalSection
EndGlobal
